
Microsoft Visual Studio Solution File, Format Version 12.00
# Visual Studio Version 16
VisualStudioVersion = 16.0.29905.134
MinimumVisualStudioVersion = 10.0.40219.1
Project("{FAE04EC0-301F-11D3-BF4B-00C04F79EFBC}") = "MVC Project Facebook Application", "MVC Project Facebook Application\MVC Project Facebook Application.csproj", "{CD95A248-6244-4F37-8326-A50E4F651A53}"
EndProject
Global
	GlobalSection(SolutionConfigurationPlatforms) = preSolution
		Debug|Any CPU = Debug|Any CPU
		Release|Any CPU = Release|Any CPU
	EndGlobalSection
	GlobalSection(ProjectConfigurationPlatforms) = postSolution
		{CD95A248-6244-4F37-8326-A50E4F651A53}.Debug|Any CPU.ActiveCfg = Debug|Any CPU
		{CD95A248-6244-4F37-8326-A50E4F651A53}.Debug|Any CPU.Build.0 = Debug|Any CPU
		{CD95A248-6244-4F37-8326-A50E4F651A53}.Release|Any CPU.ActiveCfg = Release|Any CPU
		{CD95A248-6244-4F37-8326-A50E4F651A53}.Release|Any CPU.Build.0 = Release|Any CPU
	EndGlobalSection
	GlobalSection(SolutionProperties) = preSolution
		HideSolutionNode = FALSE
	EndGlobalSection
	GlobalSection(ExtensibilityGlobals) = postSolution
		SolutionGuid = {2638F199-F7E9-479F-B311-B17EBF0CC7F9}
	EndGlobalSection
EndGlobal
